{
  "nodes": {
    "flake-compat": {
      "flake": false,
      "locked": {
        "lastModified": 1650374568,
        "narHash": "sha256-Z+s0J8/r907g149rllvwhb4pKi8Wam5ij0st8PwAh+E=",
        "owner": "edolstra",
        "repo": "flake-compat",
        "rev": "b4a34015c698c7793d592d66adbab377907a2be8",
        "type": "github"
      },
      "original": {
        "owner": "edolstra",
        "repo": "flake-compat",
        "type": "github"
      }
    },
    "flake-utils": {
      "locked": {
        "lastModified": 1667077288,
        "narHash": "sha256-bdC8sFNDpT0HK74u9fUkpbf1MEzVYJ+ka7NXCdgBoaA=",
        "owner": "numtide",
        "repo": "flake-utils",
        "rev": "6ee9ebb6b1ee695d2cacc4faa053a7b9baa76817",
        "type": "github"
      },
      "original": {
        "id": "flake-utils",
        "type": "indirect"
      }
    },
    "home-manager": {
      "inputs": {
        "nixpkgs": [
          "nixpkgs"
        ],
        "utils": [
          "flake-utils"
        ]
      },
      "locked": {
        "lastModified": 1667347482,
        "narHash": "sha256-KuRYeitjusSdkJ/PeHzPfAIVwVjbtG5v+To6ffy8tiQ=",
        "owner": "nix-community",
        "repo": "home-manager",
        "rev": "04e844090ed17298bfbe0f8249109b15770571bc",
        "type": "github"
      },
      "original": {
        "id": "home-manager",
        "type": "indirect"
      }
    },
    "mach-nix": {
      "inputs": {
        "flake-utils": [
          "flake-utils"
        ],
        "nixpkgs": [
          "nixpkgs-pre-setuptools"
        ],
        "pypi-deps-db": [
          "pypi-deps-db"
        ]
      },
      "locked": {
        "lastModified": 1662635943,
        "narHash": "sha256-1OBBlBzZ894or8eHZjyADOMnGH89pPUKYGVVS5rwW/0=",
        "owner": "DavHau",
        "repo": "mach-nix",
        "rev": "65266b5cc867fec2cb6a25409dd7cd12251f6107",
        "type": "github"
      },
      "original": {
        "id": "mach-nix",
        "type": "indirect"
      }
    },
    "nixos-hardware": {
      "locked": {
        "lastModified": 1667283320,
        "narHash": "sha256-qHvB/6XBKVjjJJCUM+z6/t9HzUC7J55wdY3KJ/ZWSHo=",
        "owner": "NixOS",
        "repo": "nixos-hardware",
        "rev": "18934557eeba8fa2e575b0fd4ab95186e2e3bde3",
        "type": "github"
      },
      "original": {
        "id": "nixos-hardware",
        "type": "indirect"
      }
    },
    "nixpkgs": {
      "locked": {
        "lastModified": 1667301035,
        "narHash": "sha256-o8sbiXh7vcIHgpAe/WdU5f7Kq/s3BD0ccyNSVAy7oKk=",
        "owner": "NixOS",
        "repo": "nixpkgs",
        "rev": "adf91a16c0354ba34f27c00c8ed3f4c73f2fd4d5",
        "type": "github"
      },
      "original": {
        "id": "nixpkgs",
        "ref": "nixos-unstable-small",
        "type": "indirect"
      }
    },
    "nixpkgs-pre-setuptools": {
      "locked": {
        "lastModified": 1664368096,
        "narHash": "sha256-oUaX3geCYZFYO+4Ktf6D8WDNtYZNTQllqM5h045/KTQ=",
        "owner": "NixOS",
        "repo": "nixpkgs",
        "rev": "f56d319e680852bea73504b3e001eefb1e837c50",
        "type": "github"
      },
      "original": {
        "id": "nixpkgs",
        "rev": "f56d319e680852bea73504b3e001eefb1e837c50",
        "type": "indirect"
      }
    },
    "nixpkgs-unstable": {
      "locked": {
        "lastModified": 1667292599,
        "narHash": "sha256-7ISOUI1aj6UKMPIL+wwthENL22L3+A9V+jS8Is3QsRo=",
        "owner": "NixOS",
        "repo": "nixpkgs",
        "rev": "ef2f213d9659a274985778bff4ca322f3ef3ac68",
        "type": "github"
      },
      "original": {
        "id": "nixpkgs",
        "ref": "nixpkgs-unstable",
        "type": "indirect"
      }
    },
    "pypi-deps-db": {
      "flake": false,
      "locked": {
        "lastModified": 1667335572,
        "narHash": "sha256-RUD07SjNLRAj7vaUet6kTTEwmwOHBnkJeB+w/nkwEXM=",
        "owner": "DavHau",
        "repo": "pypi-deps-db",
        "rev": "7e0acd7d774166949cbdaa7c2854a9a62599271a",
        "type": "github"
      },
      "original": {
        "owner": "DavHau",
        "repo": "pypi-deps-db",
        "type": "github"
      }
    },
    "root": {
      "inputs": {
        "flake-compat": "flake-compat",
        "flake-utils": "flake-utils",
        "home-manager": "home-manager",
        "mach-nix": "mach-nix",
        "nixos-hardware": "nixos-hardware",
        "nixpkgs": "nixpkgs",
        "nixpkgs-pre-setuptools": "nixpkgs-pre-setuptools",
        "nixpkgs-unstable": "nixpkgs-unstable",
        "pypi-deps-db": "pypi-deps-db"
      }
    }
  },
  "root": "root",
  "version": 7
}
