[[package]]
name = "appdirs"
version = "1.4.4"
description = "A small Python module for determining appropriate platform-specific dirs, e.g. a \"user data dir\"."
category = "main"
optional = false
python-versions = "*"

[[package]]
name = "arrow"
version = "1.2.2"
description = "Better dates & times for Python"
category = "main"
optional = false
python-versions = ">=3.6"

[package.dependencies]
python-dateutil = ">=2.7.0"

[[package]]
name = "botocore"
version = "1.24.44"
description = "Low-level, data-driven core of boto 3."
category = "main"
optional = false
python-versions = ">= 3.6"

[package.dependencies]
jmespath = ">=0.7.1,<2.0.0"
python-dateutil = ">=2.1,<3.0.0"
urllib3 = ">=1.25.4,<1.27"

[package.extras]
crt = ["awscrt (==0.13.8)"]

[[package]]
name = "braceexpand"
version = "0.1.7"
description = "Bash-style brace expansion for Python"
category = "main"
optional = false
python-versions = "*"

[[package]]
name = "certifi"
version = "2021.10.8"
description = "Python package for providing Mozilla's CA Bundle."
category = "main"
optional = false
python-versions = "*"

[[package]]
name = "charset-normalizer"
version = "2.0.12"
description = "The Real First Universal Charset Detector. Open, modern and actively maintained alternative to Chardet."
category = "main"
optional = false
python-versions = ">=3.5.0"

[package.extras]
unicode_backport = ["unicodedata2"]

[[package]]
name = "click"
version = "8.1.2"
description = "Composable command line interface toolkit"
category = "main"
optional = false
python-versions = ">=3.7"

[package.dependencies]
colorama = {version = "*", markers = "platform_system == \"Windows\""}

[[package]]
name = "colorama"
version = "0.4.4"
description = "Cross-platform colored terminal text."
category = "main"
optional = false
python-versions = ">=2.7, !=3.0.*, !=3.1.*, !=3.2.*, !=3.3.*, !=3.4.*"

[[package]]
name = "docopt"
version = "0.6.2"
description = "Pythonic argument parser, that will make you smile"
category = "main"
optional = false
python-versions = "*"

[[package]]
name = "emborg"
version = "1.32.0"
description = "Borg front end."
category = "main"
optional = false
python-versions = ">=3.6"

[package.dependencies]
appdirs = "*"
arrow = ">=0.15"
docopt = "*"
inform = ">=1.26"
quantiphy = "*"
requests = "*"
shlib = ">=1.0"

[[package]]
name = "git-remote-codecommit"
version = "1.16"
description = "Git remote prefix to simplify pushing to and pulling from CodeCommit."
category = "main"
optional = false
python-versions = "*"

[package.dependencies]
botocore = ">=1.17.0"

[[package]]
name = "idna"
version = "3.3"
description = "Internationalized Domain Names in Applications (IDNA)"
category = "main"
optional = false
python-versions = ">=3.5"

[[package]]
name = "inform"
version = "1.26.0"
description = "print & logging utilities for communicating with user"
category = "main"
optional = false
python-versions = ">=2.7, !=3.0.*, !=3.1.*, !=3.2.*"

[package.dependencies]
arrow = "*"
six = "*"

[[package]]
name = "jmespath"
version = "1.0.0"
description = "JSON Matching Expressions"
category = "main"
optional = false
python-versions = ">=3.7"

[[package]]
name = "pur"
version = "6.1.0"
description = "Update packages in a requirements.txt file to latest versions."
category = "main"
optional = false
python-versions = "*"

[package.dependencies]
click = ">=8.0.0"

[[package]]
name = "python-dateutil"
version = "2.8.2"
description = "Extensions to the standard Python datetime module"
category = "main"
optional = false
python-versions = "!=3.0.*,!=3.1.*,!=3.2.*,>=2.7"

[package.dependencies]
six = ">=1.5"

[[package]]
name = "quantiphy"
version = "2.17.0"
description = "physical quantities (numbers with units)"
category = "main"
optional = false
python-versions = ">=3.5"

[[package]]
name = "requests"
version = "2.27.1"
description = "Python HTTP for Humans."
category = "main"
optional = false
python-versions = ">=2.7, !=3.0.*, !=3.1.*, !=3.2.*, !=3.3.*, !=3.4.*, !=3.5.*"

[package.dependencies]
certifi = ">=2017.4.17"
charset-normalizer = {version = ">=2.0.0,<2.1.0", markers = "python_version >= \"3\""}
idna = {version = ">=2.5,<4", markers = "python_version >= \"3\""}
urllib3 = ">=1.21.1,<1.27"

[package.extras]
socks = ["PySocks (>=1.5.6,!=1.5.7)", "win-inet-pton"]
use_chardet_on_py3 = ["chardet (>=3.0.2,<5)"]

[[package]]
name = "shlib"
version = "1.4.0"
description = "shell library"
category = "main"
optional = false
python-versions = "*"

[package.dependencies]
braceexpand = "*"
inform = "*"

[[package]]
name = "six"
version = "1.16.0"
description = "Python 2 and 3 compatibility utilities"
category = "main"
optional = false
python-versions = ">=2.7, !=3.0.*, !=3.1.*, !=3.2.*"

[[package]]
name = "urllib3"
version = "1.26.9"
description = "HTTP library with thread-safe connection pooling, file post, and more."
category = "main"
optional = false
python-versions = ">=2.7, !=3.0.*, !=3.1.*, !=3.2.*, !=3.3.*, !=3.4.*, <4"

[package.extras]
brotli = ["brotlicffi (>=0.8.0)", "brotli (>=1.0.9)", "brotlipy (>=0.6.0)"]
secure = ["pyOpenSSL (>=0.14)", "cryptography (>=1.3.4)", "idna (>=2.0.0)", "certifi", "ipaddress"]
socks = ["PySocks (>=1.5.6,!=1.5.7,<2.0)"]

[metadata]
lock-version = "1.1"
python-versions = "^3.8"
content-hash = "5c41a5ded5ed83415c93bdcab34e75bd2d6f61fbd691be0dfa24fab7a09f0a96"

[metadata.files]
appdirs = [
    {file = "appdirs-1.4.4-py2.py3-none-any.whl", hash = "sha256:a841dacd6b99318a741b166adb07e19ee71a274450e68237b4650ca1055ab128"},
    {file = "appdirs-1.4.4.tar.gz", hash = "sha256:7d5d0167b2b1ba821647616af46a749d1c653740dd0d2415100fe26e27afdf41"},
]
arrow = [
    {file = "arrow-1.2.2-py3-none-any.whl", hash = "sha256:d622c46ca681b5b3e3574fcb60a04e5cc81b9625112d5fb2b44220c36c892177"},
    {file = "arrow-1.2.2.tar.gz", hash = "sha256:05caf1fd3d9a11a1135b2b6f09887421153b94558e5ef4d090b567b47173ac2b"},
]
botocore = [
    {file = "botocore-1.24.44-py3-none-any.whl", hash = "sha256:ed07772c924984e5b3c1005f7ba4600cebd4169c23307cf6e92cccadf0b5d2e7"},
    {file = "botocore-1.24.44.tar.gz", hash = "sha256:0030a11eac972be46859263820885ba650503622c5acfe58966f482d42cc538d"},
]
braceexpand = [
    {file = "braceexpand-0.1.7-py2.py3-none-any.whl", hash = "sha256:91332d53de7828103dcae5773fb43bc34950b0c8160e35e0f44c4427a3b85014"},
    {file = "braceexpand-0.1.7.tar.gz", hash = "sha256:e6e539bd20eaea53547472ff94f4fb5c3d3bf9d0a89388c4b56663aba765f705"},
]
certifi = [
    {file = "certifi-2021.10.8-py2.py3-none-any.whl", hash = "sha256:d62a0163eb4c2344ac042ab2bdf75399a71a2d8c7d47eac2e2ee91b9d6339569"},
    {file = "certifi-2021.10.8.tar.gz", hash = "sha256:78884e7c1d4b00ce3cea67b44566851c4343c120abd683433ce934a68ea58872"},
]
charset-normalizer = [
    {file = "charset-normalizer-2.0.12.tar.gz", hash = "sha256:2857e29ff0d34db842cd7ca3230549d1a697f96ee6d3fb071cfa6c7393832597"},
    {file = "charset_normalizer-2.0.12-py3-none-any.whl", hash = "sha256:6881edbebdb17b39b4eaaa821b438bf6eddffb4468cf344f09f89def34a8b1df"},
]
click = [
    {file = "click-8.1.2-py3-none-any.whl", hash = "sha256:24e1a4a9ec5bf6299411369b208c1df2188d9eb8d916302fe6bf03faed227f1e"},
    {file = "click-8.1.2.tar.gz", hash = "sha256:479707fe14d9ec9a0757618b7a100a0ae4c4e236fac5b7f80ca68028141a1a72"},
]
colorama = [
    {file = "colorama-0.4.4-py2.py3-none-any.whl", hash = "sha256:9f47eda37229f68eee03b24b9748937c7dc3868f906e8ba69fbcbdd3bc5dc3e2"},
    {file = "colorama-0.4.4.tar.gz", hash = "sha256:5941b2b48a20143d2267e95b1c2a7603ce057ee39fd88e7329b0c292aa16869b"},
]
docopt = [
    {file = "docopt-0.6.2.tar.gz", hash = "sha256:49b3a825280bd66b3aa83585ef59c4a8c82f2c8a522dbe754a8bc8d08c85c491"},
]
emborg = [
    {file = "emborg-1.32.0-py3-none-any.whl", hash = "sha256:f2878b56541b86123b61f1e467561f34c4127499e8d2e9fdda3da5edc79b6471"},
    {file = "emborg-1.32.0.tar.gz", hash = "sha256:1075ead8ef401a0bda4868b774e283fac7fd04acfaf5aac2195e88e127b893cf"},
]
git-remote-codecommit = [
    {file = "git-remote-codecommit-1.16.tar.gz", hash = "sha256:f8e10cc5c177486022e4e7c2c08e671ed35ad63f3a2da1309a1f8eae7b6e69da"},
]
idna = [
    {file = "idna-3.3-py3-none-any.whl", hash = "sha256:84d9dd047ffa80596e0f246e2eab0b391788b0503584e8945f2368256d2735ff"},
    {file = "idna-3.3.tar.gz", hash = "sha256:9d643ff0a55b762d5cdb124b8eaa99c66322e2157b69160bc32796e824360e6d"},
]
inform = [
    {file = "inform-1.26.0-py3-none-any.whl", hash = "sha256:cdd5b46a8e1784870b23dd233a851febebf3b58afb741c216938bc1e0b0e22f9"},
    {file = "inform-1.26.0.tar.gz", hash = "sha256:7d5800b556f454a1b75c604d621abce0a3e1cdd43a9038e8e14f39a8211d7e82"},
]
jmespath = [
    {file = "jmespath-1.0.0-py3-none-any.whl", hash = "sha256:e8dcd576ed616f14ec02eed0005c85973b5890083313860136657e24784e4c04"},
    {file = "jmespath-1.0.0.tar.gz", hash = "sha256:a490e280edd1f57d6de88636992d05b71e97d69a26a19f058ecf7d304474bf5e"},
]
pur = [
    {file = "pur-6.1.0-py3-none-any.whl", hash = "sha256:50137469774e47ba47635963e9292d1311441623a6f9773fa8e4a28a1444c0a3"},
    {file = "pur-6.1.0.tar.gz", hash = "sha256:43de304474a8e6743d9b7a314d3303826c78d2bb46dd951c98c8fae3da9617af"},
]
python-dateutil = [
    {file = "python-dateutil-2.8.2.tar.gz", hash = "sha256:0123cacc1627ae19ddf3c27a5de5bd67ee4586fbdd6440d9748f8abb483d3e86"},
    {file = "python_dateutil-2.8.2-py2.py3-none-any.whl", hash = "sha256:961d03dc3453ebbc59dbdea9e4e11c5651520a876d0f4db161e8674aae935da9"},
]
quantiphy = [
    {file = "quantiphy-2.17.0-py3-none-any.whl", hash = "sha256:beb4cb01d31d5abadd70e0a5a0dfcd4f4945400a14febd31e1757e3c61bfbdf7"},
    {file = "quantiphy-2.17.0.tar.gz", hash = "sha256:9660efae946ab5374c809cb8a771f6092602cc32f0d36c2726de153a0817ff42"},
]
requests = [
    {file = "requests-2.27.1-py2.py3-none-any.whl", hash = "sha256:f22fa1e554c9ddfd16e6e41ac79759e17be9e492b3587efa038054674760e72d"},
    {file = "requests-2.27.1.tar.gz", hash = "sha256:68d7c56fd5a8999887728ef304a6d12edc7be74f1cfa47714fc8b414525c9a61"},
]
shlib = [
    {file = "shlib-1.4.0-py3-none-any.whl", hash = "sha256:d724f3c2dc2c2b8b0cc46b15e47d5067137d49dec4743a4943d5ff4d7302b234"},
    {file = "shlib-1.4.0.tar.gz", hash = "sha256:04edc96c40b38c0012bbff83034890de24dc0cde1197f3e1f7df54763d3031af"},
]
six = [
    {file = "six-1.16.0-py2.py3-none-any.whl", hash = "sha256:8abb2f1d86890a2dfb989f9a77cfcfd3e47c2a354b01111771326f8aa26e0254"},
    {file = "six-1.16.0.tar.gz", hash = "sha256:1e61c37477a1626458e36f7b1d82aa5c9b094fa4802892072e49de9c60c4c926"},
]
urllib3 = [
    {file = "urllib3-1.26.9-py2.py3-none-any.whl", hash = "sha256:44ece4d53fb1706f667c9bd1c648f5469a2ec925fcf3a776667042d645472c14"},
    {file = "urllib3-1.26.9.tar.gz", hash = "sha256:aabaf16477806a5e1dd19aa41f8c2b7950dd3c746362d7e3223dbe6de6ac448e"},
]
