[[package]]
name = "appdirs"
version = "1.4.4"
description = "A small Python module for determining appropriate platform-specific dirs, e.g. a \"user data dir\"."
category = "main"
optional = false
python-versions = "*"

[[package]]
name = "arrow"
version = "1.2.0"
description = "Better dates & times for Python"
category = "main"
optional = false
python-versions = ">=3.6"

[package.dependencies]
python-dateutil = ">=2.7.0"

[[package]]
name = "botocore"
version = "1.22.1"
description = "Low-level, data-driven core of boto 3."
category = "main"
optional = false
python-versions = ">= 3.6"

[package.dependencies]
jmespath = ">=0.7.1,<1.0.0"
python-dateutil = ">=2.1,<3.0.0"
urllib3 = ">=1.25.4,<1.27"

[package.extras]
crt = ["awscrt (==0.12.5)"]

[[package]]
name = "braceexpand"
version = "0.1.7"
description = "Bash-style brace expansion for Python"
category = "main"
optional = false
python-versions = "*"

[[package]]
name = "certifi"
version = "2021.10.8"
description = "Python package for providing Mozilla's CA Bundle."
category = "main"
optional = false
python-versions = "*"

[[package]]
name = "charset-normalizer"
version = "2.0.7"
description = "The Real First Universal Charset Detector. Open, modern and actively maintained alternative to Chardet."
category = "main"
optional = false
python-versions = ">=3.5.0"

[package.extras]
unicode_backport = ["unicodedata2"]

[[package]]
name = "click"
version = "7.1.2"
description = "Composable command line interface toolkit"
category = "main"
optional = false
python-versions = ">=2.7, !=3.0.*, !=3.1.*, !=3.2.*, !=3.3.*, !=3.4.*"

[[package]]
name = "docopt"
version = "0.6.2"
description = "Pythonic argument parser, that will make you smile"
category = "main"
optional = false
python-versions = "*"

[[package]]
name = "emborg"
version = "1.27.0"
description = "Borg front end."
category = "main"
optional = false
python-versions = ">=3.6"

[package.dependencies]
appdirs = "*"
arrow = ">=0.15"
docopt = "*"
inform = ">=1.26"
quantiphy = "*"
requests = "*"
shlib = ">=1.0"

[[package]]
name = "git-remote-codecommit"
version = "1.15.1"
description = "Git remote prefix to simplify pushing to and pulling from CodeCommit."
category = "main"
optional = false
python-versions = "*"

[package.dependencies]
botocore = ">=1.17.0"

[[package]]
name = "idna"
version = "3.3"
description = "Internationalized Domain Names in Applications (IDNA)"
category = "main"
optional = false
python-versions = ">=3.5"

[[package]]
name = "inform"
version = "1.26.0"
description = "print & logging utilities for communicating with user"
category = "main"
optional = false
python-versions = ">=2.7, !=3.0.*, !=3.1.*, !=3.2.*"

[package.dependencies]
arrow = "*"
six = "*"

[[package]]
name = "jmespath"
version = "0.10.0"
description = "JSON Matching Expressions"
category = "main"
optional = false
python-versions = ">=2.6, !=3.0.*, !=3.1.*, !=3.2.*"

[[package]]
name = "pur"
version = "5.4.2"
description = "Update packages in a requirements.txt file to latest versions."
category = "main"
optional = false
python-versions = "*"

[package.dependencies]
click = ">=0.7,<8.0.0"

[[package]]
name = "python-dateutil"
version = "2.8.2"
description = "Extensions to the standard Python datetime module"
category = "main"
optional = false
python-versions = "!=3.0.*,!=3.1.*,!=3.2.*,>=2.7"

[package.dependencies]
six = ">=1.5"

[[package]]
name = "quantiphy"
version = "2.15.0"
description = "physical quantities (numbers with units)"
category = "main"
optional = false
python-versions = ">=3.5"

[[package]]
name = "requests"
version = "2.26.0"
description = "Python HTTP for Humans."
category = "main"
optional = false
python-versions = ">=2.7, !=3.0.*, !=3.1.*, !=3.2.*, !=3.3.*, !=3.4.*, !=3.5.*"

[package.dependencies]
certifi = ">=2017.4.17"
charset-normalizer = {version = ">=2.0.0,<2.1.0", markers = "python_version >= \"3\""}
idna = {version = ">=2.5,<4", markers = "python_version >= \"3\""}
urllib3 = ">=1.21.1,<1.27"

[package.extras]
socks = ["PySocks (>=1.5.6,!=1.5.7)", "win-inet-pton"]
use_chardet_on_py3 = ["chardet (>=3.0.2,<5)"]

[[package]]
name = "shlib"
version = "1.3.0"
description = "shell library"
category = "main"
optional = false
python-versions = "*"

[package.dependencies]
braceexpand = "*"
inform = "*"

[[package]]
name = "six"
version = "1.16.0"
description = "Python 2 and 3 compatibility utilities"
category = "main"
optional = false
python-versions = ">=2.7, !=3.0.*, !=3.1.*, !=3.2.*"

[[package]]
name = "urllib3"
version = "1.26.7"
description = "HTTP library with thread-safe connection pooling, file post, and more."
category = "main"
optional = false
python-versions = ">=2.7, !=3.0.*, !=3.1.*, !=3.2.*, !=3.3.*, !=3.4.*, <4"

[package.extras]
brotli = ["brotlipy (>=0.6.0)"]
secure = ["pyOpenSSL (>=0.14)", "cryptography (>=1.3.4)", "idna (>=2.0.0)", "certifi", "ipaddress"]
socks = ["PySocks (>=1.5.6,!=1.5.7,<2.0)"]

[metadata]
lock-version = "1.1"
python-versions = "^3.8"
content-hash = "6d8453c4a97f4dd9bd0107a39436e78b595b850e22399e5e672316684537bb17"

[metadata.files]
appdirs = [
    {file = "appdirs-1.4.4-py2.py3-none-any.whl", hash = "sha256:a841dacd6b99318a741b166adb07e19ee71a274450e68237b4650ca1055ab128"},
    {file = "appdirs-1.4.4.tar.gz", hash = "sha256:7d5d0167b2b1ba821647616af46a749d1c653740dd0d2415100fe26e27afdf41"},
]
arrow = [
    {file = "arrow-1.2.0-py3-none-any.whl", hash = "sha256:8fb7d9d3d4bf90e49e734c22fa077bdd0964135c4b8120de2510575a8d1f620c"},
    {file = "arrow-1.2.0.tar.gz", hash = "sha256:16fc29bbd9e425e3eb0fef3018297910a0f4568f21116fc31771e2760a50e074"},
]
botocore = [
    {file = "botocore-1.22.1-py3-none-any.whl", hash = "sha256:0a52801ce5a8835bedfc71a3e1143545e17cc146638d4dd23672055738cac253"},
    {file = "botocore-1.22.1.tar.gz", hash = "sha256:32897b949415873534bd84c95d82485a5f3ce88fc72638bfd829afa4f97be8d6"},
]
braceexpand = [
    {file = "braceexpand-0.1.7-py2.py3-none-any.whl", hash = "sha256:91332d53de7828103dcae5773fb43bc34950b0c8160e35e0f44c4427a3b85014"},
    {file = "braceexpand-0.1.7.tar.gz", hash = "sha256:e6e539bd20eaea53547472ff94f4fb5c3d3bf9d0a89388c4b56663aba765f705"},
]
certifi = [
    {file = "certifi-2021.10.8-py2.py3-none-any.whl", hash = "sha256:d62a0163eb4c2344ac042ab2bdf75399a71a2d8c7d47eac2e2ee91b9d6339569"},
    {file = "certifi-2021.10.8.tar.gz", hash = "sha256:78884e7c1d4b00ce3cea67b44566851c4343c120abd683433ce934a68ea58872"},
]
charset-normalizer = [
    {file = "charset-normalizer-2.0.7.tar.gz", hash = "sha256:e019de665e2bcf9c2b64e2e5aa025fa991da8720daa3c1138cadd2fd1856aed0"},
    {file = "charset_normalizer-2.0.7-py3-none-any.whl", hash = "sha256:f7af805c321bfa1ce6714c51f254e0d5bb5e5834039bc17db7ebe3a4cec9492b"},
]
click = [
    {file = "click-7.1.2-py2.py3-none-any.whl", hash = "sha256:dacca89f4bfadd5de3d7489b7c8a566eee0d3676333fbb50030263894c38c0dc"},
    {file = "click-7.1.2.tar.gz", hash = "sha256:d2b5255c7c6349bc1bd1e59e08cd12acbbd63ce649f2588755783aa94dfb6b1a"},
]
docopt = [
    {file = "docopt-0.6.2.tar.gz", hash = "sha256:49b3a825280bd66b3aa83585ef59c4a8c82f2c8a522dbe754a8bc8d08c85c491"},
]
emborg = [
    {file = "emborg-1.27.0-py3-none-any.whl", hash = "sha256:1656ca99d32aafe157444229bab1c40fe6754d35364e3c26da6ed128842a778b"},
    {file = "emborg-1.27.0.tar.gz", hash = "sha256:f65ce9cd4e3ea9fc62d52414b893b44b50d78827dc3b3a17e2311d2913ec97b2"},
]
git-remote-codecommit = [
    {file = "git-remote-codecommit-1.15.1.tar.gz", hash = "sha256:cd99d44a94f9adf8c5f15110d830f62af5fe644030fecc0df68cbda4880a5214"},
]
idna = [
    {file = "idna-3.3-py3-none-any.whl", hash = "sha256:84d9dd047ffa80596e0f246e2eab0b391788b0503584e8945f2368256d2735ff"},
    {file = "idna-3.3.tar.gz", hash = "sha256:9d643ff0a55b762d5cdb124b8eaa99c66322e2157b69160bc32796e824360e6d"},
]
inform = [
    {file = "inform-1.26.0-py3-none-any.whl", hash = "sha256:cdd5b46a8e1784870b23dd233a851febebf3b58afb741c216938bc1e0b0e22f9"},
    {file = "inform-1.26.0.tar.gz", hash = "sha256:7d5800b556f454a1b75c604d621abce0a3e1cdd43a9038e8e14f39a8211d7e82"},
]
jmespath = [
    {file = "jmespath-0.10.0-py2.py3-none-any.whl", hash = "sha256:cdf6525904cc597730141d61b36f2e4b8ecc257c420fa2f4549bac2c2d0cb72f"},
    {file = "jmespath-0.10.0.tar.gz", hash = "sha256:b85d0567b8666149a93172712e68920734333c0ce7e89b78b3e987f71e5ed4f9"},
]
pur = [
    {file = "pur-5.4.2-py3-none-any.whl", hash = "sha256:20fd0c84864320d403ffce5ee8cf03758b364fef28e7e777f56b944b53787319"},
    {file = "pur-5.4.2.tar.gz", hash = "sha256:6f8531da7664e6fc723ca2d3f712c050e2c5d195a98c83970d2b80ccb930b6b7"},
]
python-dateutil = [
    {file = "python-dateutil-2.8.2.tar.gz", hash = "sha256:0123cacc1627ae19ddf3c27a5de5bd67ee4586fbdd6440d9748f8abb483d3e86"},
    {file = "python_dateutil-2.8.2-py2.py3-none-any.whl", hash = "sha256:961d03dc3453ebbc59dbdea9e4e11c5651520a876d0f4db161e8674aae935da9"},
]
quantiphy = [
    {file = "quantiphy-2.15.0-py3-none-any.whl", hash = "sha256:1157161d273447926b542299fd22b570059b2578e3624a95f3963d30f812a0bd"},
    {file = "quantiphy-2.15.0.tar.gz", hash = "sha256:56a8d20d34039a41008c6b71e7c9fcd71cea774784ba0f06c4117948f9c02a4a"},
]
requests = [
    {file = "requests-2.26.0-py2.py3-none-any.whl", hash = "sha256:6c1246513ecd5ecd4528a0906f910e8f0f9c6b8ec72030dc9fd154dc1a6efd24"},
    {file = "requests-2.26.0.tar.gz", hash = "sha256:b8aa58f8cf793ffd8782d3d8cb19e66ef36f7aba4353eec859e74678b01b07a7"},
]
shlib = [
    {file = "shlib-1.3.0-py3-none-any.whl", hash = "sha256:ee5d8941814fa468b18e406ed8bf195bfd522de6c6073185145bd3782edb5fee"},
    {file = "shlib-1.3.0.tar.gz", hash = "sha256:d14d69072a4ea63822170db6292002860ef35754eb2a88f989e75f24a82f7067"},
]
six = [
    {file = "six-1.16.0-py2.py3-none-any.whl", hash = "sha256:8abb2f1d86890a2dfb989f9a77cfcfd3e47c2a354b01111771326f8aa26e0254"},
    {file = "six-1.16.0.tar.gz", hash = "sha256:1e61c37477a1626458e36f7b1d82aa5c9b094fa4802892072e49de9c60c4c926"},
]
urllib3 = [
    {file = "urllib3-1.26.7-py2.py3-none-any.whl", hash = "sha256:c4fdf4019605b6e5423637e01bc9fe4daef873709a7973e195ceba0a62bbc844"},
    {file = "urllib3-1.26.7.tar.gz", hash = "sha256:4987c65554f7a2dbf30c18fd48778ef124af6fab771a377103da0585e2336ece"},
]
